
Microsoft Visual Studio Solution File, Format Version 12.00
# Visual Studio Version 17
VisualStudioVersion = 17.0.31903.59
MinimumVisualStudioVersion = 10.0.40219.1
Project("{FAE04EC0-301F-11D3-BF4B-00C04F79EFBC}") = "FileTracking", "FileTracking\FileTracking.csproj", "{2C48F7B6-4AD2-41A1-96F8-E964E509FE4A}"
EndProject
Global
	GlobalSection(SolutionConfigurationPlatforms) = preSolution
		Debug|Any CPU = Debug|Any CPU
		Release|Any CPU = Release|Any CPU
	EndGlobalSection
	GlobalSection(ProjectConfigurationPlatforms) = postSolution
		{2C48F7B6-4AD2-41A1-96F8-E964E509FE4A}.Debug|Any CPU.ActiveCfg = Debug|Any CPU
		{2C48F7B6-4AD2-41A1-96F8-E964E509FE4A}.Debug|Any CPU.Build.0 = Debug|Any CPU
		{2C48F7B6-4AD2-41A1-96F8-E964E509FE4A}.Release|Any CPU.ActiveCfg = Release|Any CPU
		{2C48F7B6-4AD2-41A1-96F8-E964E509FE4A}.Release|Any CPU.Build.0 = Release|Any CPU
	EndGlobalSection
	GlobalSection(SolutionProperties) = preSolution
		HideSolutionNode = FALSE
	EndGlobalSection
	GlobalSection(ExtensibilityGlobals) = postSolution
		SolutionGuid = {F8FE7A0B-B52E-4AD1-BDF0-4CF774074145}
	EndGlobalSection
EndGlobal
